
Microsoft Visual Studio Solution File, Format Version 12.00
# Visual Studio Version 17
VisualStudioVersion = 17.14.36310.24
MinimumVisualStudioVersion = 10.0.40219.1
Project("{FAE04EC0-301F-11D3-BF4B-00C04F79EFBC}") = "GUI_QLBV", "QL_BenhVien\GUI_QLBV.csproj", "{C19C3727-9244-42C1-9E26-2D3D2AFCA939}"
EndProject
Project("{FAE04EC0-301F-11D3-BF4B-00C04F79EFBC}") = "BLL_QLBV", "BLL_QLBV\BLL_QLBV.csproj", "{CDF52E6E-E237-4008-9AFA-8F52BE2F06FD}"
EndProject
Project("{FAE04EC0-301F-11D3-BF4B-00C04F79EFBC}") = "DAL_QLBV", "DAL_QLBV\DAL_QLBV.csproj", "{B13E58CC-522E-40B6-95B0-1A06925FFF41}"
EndProject
Project("{FAE04EC0-301F-11D3-BF4B-00C04F79EFBC}") = "DTO_QLBV", "DTO_QLBV\DTO_QLBV.csproj", "{F90BC32F-285E-421C-8EE7-2336C14FD011}"
EndProject
Project("{FAE04EC0-301F-11D3-BF4B-00C04F79EFBC}") = "UTIL_QLBV", "UTIL\UTIL_QLBV.csproj", "{4E4ADFB0-ABB5-4E86-ADC6-4E98B39D0B9A}"
EndProject
Global
	GlobalSection(SolutionConfigurationPlatforms) = preSolution
		Debug|Any CPU = Debug|Any CPU
		Release|Any CPU = Release|Any CPU
	EndGlobalSection
	GlobalSection(ProjectConfigurationPlatforms) = postSolution
		{C19C3727-9244-42C1-9E26-2D3D2AFCA939}.Debug|Any CPU.ActiveCfg = Debug|Any CPU
		{C19C3727-9244-42C1-9E26-2D3D2AFCA939}.Debug|Any CPU.Build.0 = Debug|Any CPU
		{C19C3727-9244-42C1-9E26-2D3D2AFCA939}.Release|Any CPU.ActiveCfg = Release|Any CPU
		{C19C3727-9244-42C1-9E26-2D3D2AFCA939}.Release|Any CPU.Build.0 = Release|Any CPU
		{CDF52E6E-E237-4008-9AFA-8F52BE2F06FD}.Debug|Any CPU.ActiveCfg = Debug|Any CPU
		{CDF52E6E-E237-4008-9AFA-8F52BE2F06FD}.Debug|Any CPU.Build.0 = Debug|Any CPU
		{CDF52E6E-E237-4008-9AFA-8F52BE2F06FD}.Release|Any CPU.ActiveCfg = Release|Any CPU
		{CDF52E6E-E237-4008-9AFA-8F52BE2F06FD}.Release|Any CPU.Build.0 = Release|Any CPU
		{B13E58CC-522E-40B6-95B0-1A06925FFF41}.Debug|Any CPU.ActiveCfg = Debug|Any CPU
		{B13E58CC-522E-40B6-95B0-1A06925FFF41}.Debug|Any CPU.Build.0 = Debug|Any CPU
		{B13E58CC-522E-40B6-95B0-1A06925FFF41}.Release|Any CPU.ActiveCfg = Release|Any CPU
		{B13E58CC-522E-40B6-95B0-1A06925FFF41}.Release|Any CPU.Build.0 = Release|Any CPU
		{F90BC32F-285E-421C-8EE7-2336C14FD011}.Debug|Any CPU.ActiveCfg = Debug|Any CPU
		{F90BC32F-285E-421C-8EE7-2336C14FD011}.Debug|Any CPU.Build.0 = Debug|Any CPU
		{F90BC32F-285E-421C-8EE7-2336C14FD011}.Release|Any CPU.ActiveCfg = Release|Any CPU
		{F90BC32F-285E-421C-8EE7-2336C14FD011}.Release|Any CPU.Build.0 = Release|Any CPU
		{4E4ADFB0-ABB5-4E86-ADC6-4E98B39D0B9A}.Debug|Any CPU.ActiveCfg = Debug|Any CPU
		{4E4ADFB0-ABB5-4E86-ADC6-4E98B39D0B9A}.Debug|Any CPU.Build.0 = Debug|Any CPU
		{4E4ADFB0-ABB5-4E86-ADC6-4E98B39D0B9A}.Release|Any CPU.ActiveCfg = Release|Any CPU
		{4E4ADFB0-ABB5-4E86-ADC6-4E98B39D0B9A}.Release|Any CPU.Build.0 = Release|Any CPU
	EndGlobalSection
	GlobalSection(SolutionProperties) = preSolution
		HideSolutionNode = FALSE
	EndGlobalSection
	GlobalSection(ExtensibilityGlobals) = postSolution
		SolutionGuid = {BAC34730-45D2-4D50-AE8A-F60ABE371B31}
	EndGlobalSection
EndGlobal
